
Microsoft Visual Studio Solution File, Format Version 12.00
# Visual Studio Version 16
VisualStudioVersion = 16.0.28803.156
MinimumVisualStudioVersion = 10.0.40219.1
Project("{2150E333-8FDC-42A3-9474-1A3956D46DE8}") = "MicroServ", "MicroServ", "{8B5085BC-7C2C-4D96-969A-167ED2F4A83A}"
EndProject
Project("{9A19103F-16F7-4668-BE54-9A1E7A4F7556}") = "Miliy.MainApi", "Miliy.MainApi\Miliy.MainApi.csproj", "{B1A7F1E7-A880-4C32-A030-0EC33CABE254}"
EndProject
Project("{2150E333-8FDC-42A3-9474-1A3956D46DE8}") = "MicroPlugins", "MicroPlugins", "{C8C39DFA-467E-4A51-9AF9-5A5D27AA02CC}"
EndProject
Project("{2150E333-8FDC-42A3-9474-1A3956D46DE8}") = "MicroBases", "MicroBases", "{CEBD8675-B582-4ECB-A73A-5FED881715CE}"
EndProject
Project("{2150E333-8FDC-42A3-9474-1A3956D46DE8}") = "MicroSetting", "MicroSetting", "{1617F6CF-C2F4-433C-946E-6EE6936D7ADA}"
EndProject
Project("{9A19103F-16F7-4668-BE54-9A1E7A4F7556}") = "Mily.DbCore", "Mily.DbCore\Mily.DbCore.csproj", "{4635B222-1414-4F76-9396-9835A4B9417B}"
EndProject
Project("{9A19103F-16F7-4668-BE54-9A1E7A4F7556}") = "Mily.Quartz", "Mily.Quartz\Mily.Quartz.csproj", "{79B21752-5C74-4569-807C-290A5AC80714}"
EndProject
Project("{9A19103F-16F7-4668-BE54-9A1E7A4F7556}") = "Mily.RabbitMQ", "Mily.RabbitMQ\Mily.RabbitMQ.csproj", "{DC3990AB-B129-4D3C-85BD-5CC76870C452}"
EndProject
Project("{9A19103F-16F7-4668-BE54-9A1E7A4F7556}") = "Mily.Setting", "Mily.Setting\Mily.Setting.csproj", "{09BF6233-FA31-4A60-888D-A51554580736}"
EndProject
Project("{9A19103F-16F7-4668-BE54-9A1E7A4F7556}") = "Mily.Extension", "Mily.Extension\Mily.Extension.csproj", "{36C579B3-0A69-4111-AC5C-1A35578E7089}"
EndProject
Project("{2150E333-8FDC-42A3-9474-1A3956D46DE8}") = "MicroLogic", "MicroLogic", "{2F0321B3-479B-4945-BB59-894A85C1A35E}"
EndProject
Project("{9A19103F-16F7-4668-BE54-9A1E7A4F7556}") = "Mily.MainLogic", "Mily.MainLogic\Mily.MainLogic.csproj", "{21D337C4-BBD1-4391-ADDE-22866651CC20}"
EndProject
Project("{9A19103F-16F7-4668-BE54-9A1E7A4F7556}") = "Mily.OhterLogic", "Mily.OhterLogic\Mily.OhterLogic.csproj", "{4D4924B1-EF8D-41AF-B596-B565DD8097C1}"
EndProject
Project("{2150E333-8FDC-42A3-9474-1A3956D46DE8}") = "MicroWinServ", "MicroWinServ", "{B5B819EB-4B9A-4FA7-B4A5-30E7EC5B47E8}"
EndProject
Project("{9A19103F-16F7-4668-BE54-9A1E7A4F7556}") = "Mily.Service", "Mily.Service\Mily.Service.csproj", "{3163BC50-A9BD-4560-B8B9-F8BC3439781F}"
EndProject
Project("{9A19103F-16F7-4668-BE54-9A1E7A4F7556}") = "Mily.OtherApi", "Mily.OtherApi\Mily.OtherApi.csproj", "{3C1A26A5-B4F9-45A8-86A2-09F2523E720E}"
EndProject
Project("{2150E333-8FDC-42A3-9474-1A3956D46DE8}") = "MicroApp", "MicroApp", "{A4035BAB-C7DC-4D4D-A768-3D4F7CA7F887}"
EndProject
Project("{9092AA53-FB77-4645-B42D-1CCCA6BD08BD}") = "Mily.View", "Mily.View\Mily.View.njsproj", "{07D51D8C-F5E9-4DC6-A101-7C8A9563E4F9}"
EndProject
Global
	GlobalSection(SolutionConfigurationPlatforms) = preSolution
		Debug|Any CPU = Debug|Any CPU
		Release|Any CPU = Release|Any CPU
	EndGlobalSection
	GlobalSection(ProjectConfigurationPlatforms) = postSolution
		{B1A7F1E7-A880-4C32-A030-0EC33CABE254}.Debug|Any CPU.ActiveCfg = Debug|Any CPU
		{B1A7F1E7-A880-4C32-A030-0EC33CABE254}.Debug|Any CPU.Build.0 = Debug|Any CPU
		{B1A7F1E7-A880-4C32-A030-0EC33CABE254}.Release|Any CPU.ActiveCfg = Release|Any CPU
		{B1A7F1E7-A880-4C32-A030-0EC33CABE254}.Release|Any CPU.Build.0 = Release|Any CPU
		{4635B222-1414-4F76-9396-9835A4B9417B}.Debug|Any CPU.ActiveCfg = Debug|Any CPU
		{4635B222-1414-4F76-9396-9835A4B9417B}.Debug|Any CPU.Build.0 = Debug|Any CPU
		{4635B222-1414-4F76-9396-9835A4B9417B}.Release|Any CPU.ActiveCfg = Release|Any CPU
		{4635B222-1414-4F76-9396-9835A4B9417B}.Release|Any CPU.Build.0 = Release|Any CPU
		{79B21752-5C74-4569-807C-290A5AC80714}.Debug|Any CPU.ActiveCfg = Debug|Any CPU
		{79B21752-5C74-4569-807C-290A5AC80714}.Debug|Any CPU.Build.0 = Debug|Any CPU
		{79B21752-5C74-4569-807C-290A5AC80714}.Release|Any CPU.ActiveCfg = Release|Any CPU
		{79B21752-5C74-4569-807C-290A5AC80714}.Release|Any CPU.Build.0 = Release|Any CPU
		{DC3990AB-B129-4D3C-85BD-5CC76870C452}.Debug|Any CPU.ActiveCfg = Debug|Any CPU
		{DC3990AB-B129-4D3C-85BD-5CC76870C452}.Debug|Any CPU.Build.0 = Debug|Any CPU
		{DC3990AB-B129-4D3C-85BD-5CC76870C452}.Release|Any CPU.ActiveCfg = Release|Any CPU
		{DC3990AB-B129-4D3C-85BD-5CC76870C452}.Release|Any CPU.Build.0 = Release|Any CPU
		{09BF6233-FA31-4A60-888D-A51554580736}.Debug|Any CPU.ActiveCfg = Debug|Any CPU
		{09BF6233-FA31-4A60-888D-A51554580736}.Debug|Any CPU.Build.0 = Debug|Any CPU
		{09BF6233-FA31-4A60-888D-A51554580736}.Release|Any CPU.ActiveCfg = Release|Any CPU
		{09BF6233-FA31-4A60-888D-A51554580736}.Release|Any CPU.Build.0 = Release|Any CPU
		{36C579B3-0A69-4111-AC5C-1A35578E7089}.Debug|Any CPU.ActiveCfg = Debug|Any CPU
		{36C579B3-0A69-4111-AC5C-1A35578E7089}.Debug|Any CPU.Build.0 = Debug|Any CPU
		{36C579B3-0A69-4111-AC5C-1A35578E7089}.Release|Any CPU.ActiveCfg = Release|Any CPU
		{36C579B3-0A69-4111-AC5C-1A35578E7089}.Release|Any CPU.Build.0 = Release|Any CPU
		{21D337C4-BBD1-4391-ADDE-22866651CC20}.Debug|Any CPU.ActiveCfg = Debug|Any CPU
		{21D337C4-BBD1-4391-ADDE-22866651CC20}.Debug|Any CPU.Build.0 = Debug|Any CPU
		{21D337C4-BBD1-4391-ADDE-22866651CC20}.Release|Any CPU.ActiveCfg = Release|Any CPU
		{21D337C4-BBD1-4391-ADDE-22866651CC20}.Release|Any CPU.Build.0 = Release|Any CPU
		{4D4924B1-EF8D-41AF-B596-B565DD8097C1}.Debug|Any CPU.ActiveCfg = Debug|Any CPU
		{4D4924B1-EF8D-41AF-B596-B565DD8097C1}.Debug|Any CPU.Build.0 = Debug|Any CPU
		{4D4924B1-EF8D-41AF-B596-B565DD8097C1}.Release|Any CPU.ActiveCfg = Release|Any CPU
		{4D4924B1-EF8D-41AF-B596-B565DD8097C1}.Release|Any CPU.Build.0 = Release|Any CPU
		{3163BC50-A9BD-4560-B8B9-F8BC3439781F}.Debug|Any CPU.ActiveCfg = Debug|Any CPU
		{3163BC50-A9BD-4560-B8B9-F8BC3439781F}.Debug|Any CPU.Build.0 = Debug|Any CPU
		{3163BC50-A9BD-4560-B8B9-F8BC3439781F}.Release|Any CPU.ActiveCfg = Release|Any CPU
		{3163BC50-A9BD-4560-B8B9-F8BC3439781F}.Release|Any CPU.Build.0 = Release|Any CPU
		{3C1A26A5-B4F9-45A8-86A2-09F2523E720E}.Debug|Any CPU.ActiveCfg = Debug|Any CPU
		{3C1A26A5-B4F9-45A8-86A2-09F2523E720E}.Debug|Any CPU.Build.0 = Debug|Any CPU
		{3C1A26A5-B4F9-45A8-86A2-09F2523E720E}.Release|Any CPU.ActiveCfg = Release|Any CPU
		{3C1A26A5-B4F9-45A8-86A2-09F2523E720E}.Release|Any CPU.Build.0 = Release|Any CPU
		{07D51D8C-F5E9-4DC6-A101-7C8A9563E4F9}.Debug|Any CPU.ActiveCfg = Debug|Any CPU
		{07D51D8C-F5E9-4DC6-A101-7C8A9563E4F9}.Debug|Any CPU.Build.0 = Debug|Any CPU
		{07D51D8C-F5E9-4DC6-A101-7C8A9563E4F9}.Release|Any CPU.ActiveCfg = Release|Any CPU
		{07D51D8C-F5E9-4DC6-A101-7C8A9563E4F9}.Release|Any CPU.Build.0 = Release|Any CPU
	EndGlobalSection
	GlobalSection(SolutionProperties) = preSolution
		HideSolutionNode = FALSE
	EndGlobalSection
	GlobalSection(NestedProjects) = preSolution
		{B1A7F1E7-A880-4C32-A030-0EC33CABE254} = {8B5085BC-7C2C-4D96-969A-167ED2F4A83A}
		{4635B222-1414-4F76-9396-9835A4B9417B} = {CEBD8675-B582-4ECB-A73A-5FED881715CE}
		{79B21752-5C74-4569-807C-290A5AC80714} = {C8C39DFA-467E-4A51-9AF9-5A5D27AA02CC}
		{DC3990AB-B129-4D3C-85BD-5CC76870C452} = {C8C39DFA-467E-4A51-9AF9-5A5D27AA02CC}
		{09BF6233-FA31-4A60-888D-A51554580736} = {1617F6CF-C2F4-433C-946E-6EE6936D7ADA}
		{36C579B3-0A69-4111-AC5C-1A35578E7089} = {1617F6CF-C2F4-433C-946E-6EE6936D7ADA}
		{21D337C4-BBD1-4391-ADDE-22866651CC20} = {2F0321B3-479B-4945-BB59-894A85C1A35E}
		{4D4924B1-EF8D-41AF-B596-B565DD8097C1} = {2F0321B3-479B-4945-BB59-894A85C1A35E}
		{3163BC50-A9BD-4560-B8B9-F8BC3439781F} = {B5B819EB-4B9A-4FA7-B4A5-30E7EC5B47E8}
		{3C1A26A5-B4F9-45A8-86A2-09F2523E720E} = {8B5085BC-7C2C-4D96-969A-167ED2F4A83A}
		{07D51D8C-F5E9-4DC6-A101-7C8A9563E4F9} = {A4035BAB-C7DC-4D4D-A768-3D4F7CA7F887}
	EndGlobalSection
	GlobalSection(ExtensibilityGlobals) = postSolution
		SolutionGuid = {A20B8E09-4285-41C8-95A6-F6C4BEBED20C}
	EndGlobalSection
EndGlobal
