
Microsoft Visual Studio Solution File, Format Version 12.00
# Visual Studio Version 16
VisualStudioVersion = 16.0.28803.156
MinimumVisualStudioVersion = 10.0.40219.1
Project("{2150E333-8FDC-42A3-9474-1A3956D46DE8}") = "MicroServ", "MicroServ", "{8B5085BC-7C2C-4D96-969A-167ED2F4A83A}"
EndProject
Project("{2150E333-8FDC-42A3-9474-1A3956D46DE8}") = "MicroPlugins", "MicroPlugins", "{C8C39DFA-467E-4A51-9AF9-5A5D27AA02CC}"
EndProject
Project("{2150E333-8FDC-42A3-9474-1A3956D46DE8}") = "MicroBases", "MicroBases", "{CEBD8675-B582-4ECB-A73A-5FED881715CE}"
EndProject
Project("{2150E333-8FDC-42A3-9474-1A3956D46DE8}") = "MicroSetting", "MicroSetting", "{1617F6CF-C2F4-433C-946E-6EE6936D7ADA}"
EndProject
Project("{2150E333-8FDC-42A3-9474-1A3956D46DE8}") = "MicroLogic", "MicroLogic", "{2F0321B3-479B-4945-BB59-894A85C1A35E}"
EndProject
Project("{2150E333-8FDC-42A3-9474-1A3956D46DE8}") = "MicroWinServ", "MicroWinServ", "{B5B819EB-4B9A-4FA7-B4A5-30E7EC5B47E8}"
EndProject
Project("{2150E333-8FDC-42A3-9474-1A3956D46DE8}") = "MicroApp", "MicroApp", "{A4035BAB-C7DC-4D4D-A768-3D4F7CA7F887}"
EndProject
Project("{9092AA53-FB77-4645-B42D-1CCCA6BD08BD}") = "Mily.View", "Mily.View\Mily.View.njsproj", "{07D51D8C-F5E9-4DC6-A101-7C8A9563E4F9}"
EndProject
Project("{9A19103F-16F7-4668-BE54-9A1E7A4F7556}") = "Mily.DbCore", "Mily.DbCore\Mily.DbCore.csproj", "{0F6EB4D3-5B19-4620-91CB-2C43B43DF680}"
EndProject
Project("{9A19103F-16F7-4668-BE54-9A1E7A4F7556}") = "Mily.RabbitMQ", "Mily.RabbitMQ\Mily.RabbitMQ.csproj", "{F1C14AA3-566A-49CA-989A-CFB769A48760}"
EndProject
Project("{9A19103F-16F7-4668-BE54-9A1E7A4F7556}") = "Mily.Quartz", "Mily.Quartz\Mily.Quartz.csproj", "{40303B3A-3CDE-48EF-B0FC-654F5F6418CA}"
EndProject
Project("{9A19103F-16F7-4668-BE54-9A1E7A4F7556}") = "Mily.Setting", "Mily.Setting\Mily.Setting.csproj", "{28DE85C9-0A5B-4CEB-B9CB-1013AF19DFB2}"
EndProject
Project("{9A19103F-16F7-4668-BE54-9A1E7A4F7556}") = "Mily.MainLogic", "Mily.MainLogic\Mily.MainLogic.csproj", "{513A749B-1E03-48DE-A25D-897FD2F8DE5E}"
EndProject
Project("{9A19103F-16F7-4668-BE54-9A1E7A4F7556}") = "Mily.OhterLogic", "Mily.OhterLogic\Mily.OhterLogic.csproj", "{891C5146-CBC8-414B-B1D7-7AD0CF0CA74A}"
EndProject
Project("{9A19103F-16F7-4668-BE54-9A1E7A4F7556}") = "Mily.Service", "Mily.Service\Mily.Service.csproj", "{FA6ACFCE-21A4-4A81-BE15-3BC4A144DBD2}"
EndProject
Project("{9A19103F-16F7-4668-BE54-9A1E7A4F7556}") = "Mily.Extension", "Mily.Extension\Mily.Extension.csproj", "{972CB853-90C6-4733-A95A-4361765C6499}"
EndProject
Project("{9A19103F-16F7-4668-BE54-9A1E7A4F7556}") = "Miliy.MainApi", "Miliy.MainApi\Miliy.MainApi.csproj", "{466AE2DD-D00C-483D-9DA6-30C0A66C57DD}"
EndProject
Project("{9A19103F-16F7-4668-BE54-9A1E7A4F7556}") = "Mily.OtherApi", "Mily.OtherApi\Mily.OtherApi.csproj", "{831D810C-0F33-40BE-928D-5D67F0F7DD1B}"
EndProject
Global
	GlobalSection(SolutionConfigurationPlatforms) = preSolution
		Debug|Any CPU = Debug|Any CPU
		Release|Any CPU = Release|Any CPU
	EndGlobalSection
	GlobalSection(ProjectConfigurationPlatforms) = postSolution
		{07D51D8C-F5E9-4DC6-A101-7C8A9563E4F9}.Debug|Any CPU.ActiveCfg = Debug|Any CPU
		{07D51D8C-F5E9-4DC6-A101-7C8A9563E4F9}.Debug|Any CPU.Build.0 = Debug|Any CPU
		{07D51D8C-F5E9-4DC6-A101-7C8A9563E4F9}.Release|Any CPU.ActiveCfg = Release|Any CPU
		{07D51D8C-F5E9-4DC6-A101-7C8A9563E4F9}.Release|Any CPU.Build.0 = Release|Any CPU
		{0F6EB4D3-5B19-4620-91CB-2C43B43DF680}.Debug|Any CPU.ActiveCfg = Debug|Any CPU
		{0F6EB4D3-5B19-4620-91CB-2C43B43DF680}.Debug|Any CPU.Build.0 = Debug|Any CPU
		{0F6EB4D3-5B19-4620-91CB-2C43B43DF680}.Release|Any CPU.ActiveCfg = Release|Any CPU
		{0F6EB4D3-5B19-4620-91CB-2C43B43DF680}.Release|Any CPU.Build.0 = Release|Any CPU
		{F1C14AA3-566A-49CA-989A-CFB769A48760}.Debug|Any CPU.ActiveCfg = Debug|Any CPU
		{F1C14AA3-566A-49CA-989A-CFB769A48760}.Debug|Any CPU.Build.0 = Debug|Any CPU
		{F1C14AA3-566A-49CA-989A-CFB769A48760}.Release|Any CPU.ActiveCfg = Release|Any CPU
		{F1C14AA3-566A-49CA-989A-CFB769A48760}.Release|Any CPU.Build.0 = Release|Any CPU
		{40303B3A-3CDE-48EF-B0FC-654F5F6418CA}.Debug|Any CPU.ActiveCfg = Debug|Any CPU
		{40303B3A-3CDE-48EF-B0FC-654F5F6418CA}.Debug|Any CPU.Build.0 = Debug|Any CPU
		{40303B3A-3CDE-48EF-B0FC-654F5F6418CA}.Release|Any CPU.ActiveCfg = Release|Any CPU
		{40303B3A-3CDE-48EF-B0FC-654F5F6418CA}.Release|Any CPU.Build.0 = Release|Any CPU
		{28DE85C9-0A5B-4CEB-B9CB-1013AF19DFB2}.Debug|Any CPU.ActiveCfg = Debug|Any CPU
		{28DE85C9-0A5B-4CEB-B9CB-1013AF19DFB2}.Debug|Any CPU.Build.0 = Debug|Any CPU
		{28DE85C9-0A5B-4CEB-B9CB-1013AF19DFB2}.Release|Any CPU.ActiveCfg = Release|Any CPU
		{28DE85C9-0A5B-4CEB-B9CB-1013AF19DFB2}.Release|Any CPU.Build.0 = Release|Any CPU
		{513A749B-1E03-48DE-A25D-897FD2F8DE5E}.Debug|Any CPU.ActiveCfg = Debug|Any CPU
		{513A749B-1E03-48DE-A25D-897FD2F8DE5E}.Debug|Any CPU.Build.0 = Debug|Any CPU
		{513A749B-1E03-48DE-A25D-897FD2F8DE5E}.Release|Any CPU.ActiveCfg = Release|Any CPU
		{513A749B-1E03-48DE-A25D-897FD2F8DE5E}.Release|Any CPU.Build.0 = Release|Any CPU
		{891C5146-CBC8-414B-B1D7-7AD0CF0CA74A}.Debug|Any CPU.ActiveCfg = Debug|Any CPU
		{891C5146-CBC8-414B-B1D7-7AD0CF0CA74A}.Debug|Any CPU.Build.0 = Debug|Any CPU
		{891C5146-CBC8-414B-B1D7-7AD0CF0CA74A}.Release|Any CPU.ActiveCfg = Release|Any CPU
		{891C5146-CBC8-414B-B1D7-7AD0CF0CA74A}.Release|Any CPU.Build.0 = Release|Any CPU
		{FA6ACFCE-21A4-4A81-BE15-3BC4A144DBD2}.Debug|Any CPU.ActiveCfg = Debug|Any CPU
		{FA6ACFCE-21A4-4A81-BE15-3BC4A144DBD2}.Debug|Any CPU.Build.0 = Debug|Any CPU
		{FA6ACFCE-21A4-4A81-BE15-3BC4A144DBD2}.Release|Any CPU.ActiveCfg = Release|Any CPU
		{FA6ACFCE-21A4-4A81-BE15-3BC4A144DBD2}.Release|Any CPU.Build.0 = Release|Any CPU
		{972CB853-90C6-4733-A95A-4361765C6499}.Debug|Any CPU.ActiveCfg = Debug|Any CPU
		{972CB853-90C6-4733-A95A-4361765C6499}.Debug|Any CPU.Build.0 = Debug|Any CPU
		{972CB853-90C6-4733-A95A-4361765C6499}.Release|Any CPU.ActiveCfg = Release|Any CPU
		{972CB853-90C6-4733-A95A-4361765C6499}.Release|Any CPU.Build.0 = Release|Any CPU
		{466AE2DD-D00C-483D-9DA6-30C0A66C57DD}.Debug|Any CPU.ActiveCfg = Debug|Any CPU
		{466AE2DD-D00C-483D-9DA6-30C0A66C57DD}.Debug|Any CPU.Build.0 = Debug|Any CPU
		{466AE2DD-D00C-483D-9DA6-30C0A66C57DD}.Release|Any CPU.ActiveCfg = Release|Any CPU
		{466AE2DD-D00C-483D-9DA6-30C0A66C57DD}.Release|Any CPU.Build.0 = Release|Any CPU
		{831D810C-0F33-40BE-928D-5D67F0F7DD1B}.Debug|Any CPU.ActiveCfg = Debug|Any CPU
		{831D810C-0F33-40BE-928D-5D67F0F7DD1B}.Debug|Any CPU.Build.0 = Debug|Any CPU
		{831D810C-0F33-40BE-928D-5D67F0F7DD1B}.Release|Any CPU.ActiveCfg = Release|Any CPU
		{831D810C-0F33-40BE-928D-5D67F0F7DD1B}.Release|Any CPU.Build.0 = Release|Any CPU
	EndGlobalSection
	GlobalSection(SolutionProperties) = preSolution
		HideSolutionNode = FALSE
	EndGlobalSection
	GlobalSection(NestedProjects) = preSolution
		{07D51D8C-F5E9-4DC6-A101-7C8A9563E4F9} = {A4035BAB-C7DC-4D4D-A768-3D4F7CA7F887}
		{0F6EB4D3-5B19-4620-91CB-2C43B43DF680} = {CEBD8675-B582-4ECB-A73A-5FED881715CE}
		{F1C14AA3-566A-49CA-989A-CFB769A48760} = {C8C39DFA-467E-4A51-9AF9-5A5D27AA02CC}
		{40303B3A-3CDE-48EF-B0FC-654F5F6418CA} = {C8C39DFA-467E-4A51-9AF9-5A5D27AA02CC}
		{28DE85C9-0A5B-4CEB-B9CB-1013AF19DFB2} = {1617F6CF-C2F4-433C-946E-6EE6936D7ADA}
		{513A749B-1E03-48DE-A25D-897FD2F8DE5E} = {2F0321B3-479B-4945-BB59-894A85C1A35E}
		{891C5146-CBC8-414B-B1D7-7AD0CF0CA74A} = {2F0321B3-479B-4945-BB59-894A85C1A35E}
		{FA6ACFCE-21A4-4A81-BE15-3BC4A144DBD2} = {B5B819EB-4B9A-4FA7-B4A5-30E7EC5B47E8}
		{972CB853-90C6-4733-A95A-4361765C6499} = {1617F6CF-C2F4-433C-946E-6EE6936D7ADA}
		{466AE2DD-D00C-483D-9DA6-30C0A66C57DD} = {8B5085BC-7C2C-4D96-969A-167ED2F4A83A}
		{831D810C-0F33-40BE-928D-5D67F0F7DD1B} = {8B5085BC-7C2C-4D96-969A-167ED2F4A83A}
	EndGlobalSection
	GlobalSection(ExtensibilityGlobals) = postSolution
		SolutionGuid = {A20B8E09-4285-41C8-95A6-F6C4BEBED20C}
	EndGlobalSection
EndGlobal
